{
  "name": "landing-page",
  "lockfileVersion": 3,
  "requires": true,
  "packages": {
    "": {
      "dependencies": {
        "create-next-app": "^15.5.4"
      }
    },
    "node_modules/create-next-app": {
      "version": "15.5.4",
      "resolved": "https://registry.npmjs.org/create-next-app/-/create-next-app-15.5.4.tgz",
      "integrity": "sha512-LiAadwiDdaigMbpXplCQqCIHOzrSQPyEa0lm5XCYx8HW313crhumWX3+92ExhkhRO7lsAcYtbZtZR5SkBcPyew==",
      "license": "MIT",
      "bin": {
        "create-next-app": "dist/index.js"
      },
      "engines": {
        "node": ">=18.18.0"
      }
    }
  }
}
